
Microsoft Visual Studio Solution File, Format Version 12.00
# Visual Studio Version 17
VisualStudioVersion = 17.14.36414.22 d17.14
MinimumVisualStudioVersion = 10.0.40219.1
Project("{FAE04EC0-301F-11D3-BF4B-00C04F79EFBC}") = "XsltConverter", "XsltConverter\XsltConverter.csproj", "{C0ACD7DA-3ECE-4A51-89AF-3A2DEFA4162A}"
EndProject
Global
	GlobalSection(SolutionConfigurationPlatforms) = preSolution
		Debug|Any CPU = Debug|Any CPU
		Release|Any CPU = Release|Any CPU
	EndGlobalSection
	GlobalSection(ProjectConfigurationPlatforms) = postSolution
		{C0ACD7DA-3ECE-4A51-89AF-3A2DEFA4162A}.Debug|Any CPU.ActiveCfg = Debug|Any CPU
		{C0ACD7DA-3ECE-4A51-89AF-3A2DEFA4162A}.Debug|Any CPU.Build.0 = Debug|Any CPU
		{C0ACD7DA-3ECE-4A51-89AF-3A2DEFA4162A}.Release|Any CPU.ActiveCfg = Release|Any CPU
		{C0ACD7DA-3ECE-4A51-89AF-3A2DEFA4162A}.Release|Any CPU.Build.0 = Release|Any CPU
	EndGlobalSection
	GlobalSection(SolutionProperties) = preSolution
		HideSolutionNode = FALSE
	EndGlobalSection
	GlobalSection(ExtensibilityGlobals) = postSolution
		SolutionGuid = {77209E85-16C3-4C0B-AA42-984C73684B4D}
	EndGlobalSection
EndGlobal
